
Microsoft Visual Studio Solution File, Format Version 12.00
# Visual Studio Version 17
VisualStudioVersion = 17.11.35219.272
MinimumVisualStudioVersion = 10.0.40219.1
Project("{FAE04EC0-301F-11D3-BF4B-00C04F79EFBC}") = "MSTestProject", "MSTestProject\MSTestProject.csproj", "{4CC2C61D-5DAA-42C9-A6A8-F12519EAF5AA}"
EndProject
Global
	GlobalSection(SolutionConfigurationPlatforms) = preSolution
		Debug|Any CPU = Debug|Any CPU
		Release|Any CPU = Release|Any CPU
	EndGlobalSection
	GlobalSection(ProjectConfigurationPlatforms) = postSolution
		{4CC2C61D-5DAA-42C9-A6A8-F12519EAF5AA}.Debug|Any CPU.ActiveCfg = Debug|Any CPU
		{4CC2C61D-5DAA-42C9-A6A8-F12519EAF5AA}.Debug|Any CPU.Build.0 = Debug|Any CPU
		{4CC2C61D-5DAA-42C9-A6A8-F12519EAF5AA}.Release|Any CPU.ActiveCfg = Release|Any CPU
		{4CC2C61D-5DAA-42C9-A6A8-F12519EAF5AA}.Release|Any CPU.Build.0 = Release|Any CPU
	EndGlobalSection
	GlobalSection(SolutionProperties) = preSolution
		HideSolutionNode = FALSE
	EndGlobalSection
	GlobalSection(ExtensibilityGlobals) = postSolution
		SolutionGuid = {240E16AE-B928-46EB-AC6C-FF6ED7532C0E}
	EndGlobalSection
EndGlobal
